
Microsoft Visual Studio Solution File, Format Version 12.00
# Visual Studio Version 17
VisualStudioVersion = 17.8.34322.80
MinimumVisualStudioVersion = 10.0.40219.1
Project("{FAE04EC0-301F-11D3-BF4B-00C04F79EFBC}") = "Event_management_Api", "Event_management_Api\Event_management_Api.csproj", "{503E5447-B82B-42FD-8A95-71864A4DCF03}"
EndProject
Global
	GlobalSection(SolutionConfigurationPlatforms) = preSolution
		Debug|Any CPU = Debug|Any CPU
		Release|Any CPU = Release|Any CPU
	EndGlobalSection
	GlobalSection(ProjectConfigurationPlatforms) = postSolution
		{503E5447-B82B-42FD-8A95-71864A4DCF03}.Debug|Any CPU.ActiveCfg = Debug|Any CPU
		{503E5447-B82B-42FD-8A95-71864A4DCF03}.Debug|Any CPU.Build.0 = Debug|Any CPU
		{503E5447-B82B-42FD-8A95-71864A4DCF03}.Release|Any CPU.ActiveCfg = Release|Any CPU
		{503E5447-B82B-42FD-8A95-71864A4DCF03}.Release|Any CPU.Build.0 = Release|Any CPU
	EndGlobalSection
	GlobalSection(SolutionProperties) = preSolution
		HideSolutionNode = FALSE
	EndGlobalSection
	GlobalSection(ExtensibilityGlobals) = postSolution
		SolutionGuid = {726AEA68-A386-48E2-9D18-C72A6BC317CB}
	EndGlobalSection
EndGlobal
